
Microsoft Visual Studio Solution File, Format Version 12.00
# Visual Studio Version 16
VisualStudioVersion = 16.0.31321.278
MinimumVisualStudioVersion = 10.0.40219.1
Project("{9A19103F-16F7-4668-BE54-9A1E7A4F7556}") = "ChallengeNubimetrics.Api", "ChallengeNubimetrics.Api\ChallengeNubimetrics.Api.csproj", "{D61CEEF6-C25D-4011-9C9E-C26EE2BC0B4F}"
EndProject
Project("{9A19103F-16F7-4668-BE54-9A1E7A4F7556}") = "ChallengeNubimetrics.Infraestructure", "ChallengeNubimetrics.Infraestructure\ChallengeNubimetrics.Infraestructure.csproj", "{329867DD-358E-404B-B3E8-796DF8FE2018}"
EndProject
Project("{9A19103F-16F7-4668-BE54-9A1E7A4F7556}") = "ChallengeNubimetrics.Domain", "ChallengeNubimetrics.Domain\ChallengeNubimetrics.Domain.csproj", "{04FD21CA-3495-484C-858B-FE2414E0BA3A}"
EndProject
Project("{9A19103F-16F7-4668-BE54-9A1E7A4F7556}") = "ChallengeNubimetrics.Application", "ChallengeNubimetrics.Application\ChallengeNubimetrics.Application.csproj", "{D2078D77-AD6E-4AD8-A3FA-DF2BE34D0A6D}"
EndProject
Global
	GlobalSection(SolutionConfigurationPlatforms) = preSolution
		Debug|Any CPU = Debug|Any CPU
		Release|Any CPU = Release|Any CPU
	EndGlobalSection
	GlobalSection(ProjectConfigurationPlatforms) = postSolution
		{D61CEEF6-C25D-4011-9C9E-C26EE2BC0B4F}.Debug|Any CPU.ActiveCfg = Debug|Any CPU
		{D61CEEF6-C25D-4011-9C9E-C26EE2BC0B4F}.Debug|Any CPU.Build.0 = Debug|Any CPU
		{D61CEEF6-C25D-4011-9C9E-C26EE2BC0B4F}.Release|Any CPU.ActiveCfg = Release|Any CPU
		{D61CEEF6-C25D-4011-9C9E-C26EE2BC0B4F}.Release|Any CPU.Build.0 = Release|Any CPU
		{329867DD-358E-404B-B3E8-796DF8FE2018}.Debug|Any CPU.ActiveCfg = Debug|Any CPU
		{329867DD-358E-404B-B3E8-796DF8FE2018}.Debug|Any CPU.Build.0 = Debug|Any CPU
		{329867DD-358E-404B-B3E8-796DF8FE2018}.Release|Any CPU.ActiveCfg = Release|Any CPU
		{329867DD-358E-404B-B3E8-796DF8FE2018}.Release|Any CPU.Build.0 = Release|Any CPU
		{04FD21CA-3495-484C-858B-FE2414E0BA3A}.Debug|Any CPU.ActiveCfg = Debug|Any CPU
		{04FD21CA-3495-484C-858B-FE2414E0BA3A}.Debug|Any CPU.Build.0 = Debug|Any CPU
		{04FD21CA-3495-484C-858B-FE2414E0BA3A}.Release|Any CPU.ActiveCfg = Release|Any CPU
		{04FD21CA-3495-484C-858B-FE2414E0BA3A}.Release|Any CPU.Build.0 = Release|Any CPU
		{D2078D77-AD6E-4AD8-A3FA-DF2BE34D0A6D}.Debug|Any CPU.ActiveCfg = Debug|Any CPU
		{D2078D77-AD6E-4AD8-A3FA-DF2BE34D0A6D}.Debug|Any CPU.Build.0 = Debug|Any CPU
		{D2078D77-AD6E-4AD8-A3FA-DF2BE34D0A6D}.Release|Any CPU.ActiveCfg = Release|Any CPU
		{D2078D77-AD6E-4AD8-A3FA-DF2BE34D0A6D}.Release|Any CPU.Build.0 = Release|Any CPU
	EndGlobalSection
	GlobalSection(SolutionProperties) = preSolution
		HideSolutionNode = FALSE
	EndGlobalSection
	GlobalSection(ExtensibilityGlobals) = postSolution
		SolutionGuid = {B36183E4-A320-4CD5-85B7-714D309D7469}
	EndGlobalSection
EndGlobal
